
Microsoft Visual Studio Solution File, Format Version 12.00
# Visual Studio Version 16
VisualStudioVersion = 16.0.30225.117
MinimumVisualStudioVersion = 10.0.40219.1
Project("{FAE04EC0-301F-11D3-BF4B-00C04F79EFBC}") = "WpfApp1", "WpfApp1\WpfApp1.csproj", "{1E23979E-8B73-44D9-9313-C1A52852AA3B}"
EndProject
Global
	GlobalSection(SolutionConfigurationPlatforms) = preSolution
		Debug|Any CPU = Debug|Any CPU
		Release|Any CPU = Release|Any CPU
	EndGlobalSection
	GlobalSection(ProjectConfigurationPlatforms) = postSolution
		{1E23979E-8B73-44D9-9313-C1A52852AA3B}.Debug|Any CPU.ActiveCfg = Debug|Any CPU
		{1E23979E-8B73-44D9-9313-C1A52852AA3B}.Debug|Any CPU.Build.0 = Debug|Any CPU
		{1E23979E-8B73-44D9-9313-C1A52852AA3B}.Release|Any CPU.ActiveCfg = Release|Any CPU
		{1E23979E-8B73-44D9-9313-C1A52852AA3B}.Release|Any CPU.Build.0 = Release|Any CPU
	EndGlobalSection
	GlobalSection(SolutionProperties) = preSolution
		HideSolutionNode = FALSE
	EndGlobalSection
	GlobalSection(ExtensibilityGlobals) = postSolution
		SolutionGuid = {836423CA-3413-4217-B7DA-79740A8A3397}
	EndGlobalSection
EndGlobal
